
Microsoft Visual Studio Solution File, Format Version 12.00
# Visual Studio Version 17
VisualStudioVersion = 17.7.34031.279
MinimumVisualStudioVersion = 10.0.40219.1
Project("{FAE04EC0-301F-11D3-BF4B-00C04F79EFBC}") = "BlazorAppRBAC.Server", "BlazorAppRBAC\Server\BlazorAppRBAC.Server.csproj", "{3DE22A05-CFB8-45CE-8130-3030C829FCC6}"
EndProject
Project("{FAE04EC0-301F-11D3-BF4B-00C04F79EFBC}") = "BlazorAppRBAC.Client", "BlazorAppRBAC\Client\BlazorAppRBAC.Client.csproj", "{1AA14E96-DEF6-446C-8F49-C391D7E8126D}"
EndProject
Project("{FAE04EC0-301F-11D3-BF4B-00C04F79EFBC}") = "BlazorAppRBAC.Shared", "BlazorAppRBAC\Shared\BlazorAppRBAC.Shared.csproj", "{1B01F595-EA15-4048-8533-1E16A4B2AB93}"
EndProject
Global
	GlobalSection(SolutionConfigurationPlatforms) = preSolution
		Debug|Any CPU = Debug|Any CPU
		Release|Any CPU = Release|Any CPU
	EndGlobalSection
	GlobalSection(ProjectConfigurationPlatforms) = postSolution
		{3DE22A05-CFB8-45CE-8130-3030C829FCC6}.Debug|Any CPU.ActiveCfg = Debug|Any CPU
		{3DE22A05-CFB8-45CE-8130-3030C829FCC6}.Debug|Any CPU.Build.0 = Debug|Any CPU
		{3DE22A05-CFB8-45CE-8130-3030C829FCC6}.Release|Any CPU.ActiveCfg = Release|Any CPU
		{3DE22A05-CFB8-45CE-8130-3030C829FCC6}.Release|Any CPU.Build.0 = Release|Any CPU
		{1AA14E96-DEF6-446C-8F49-C391D7E8126D}.Debug|Any CPU.ActiveCfg = Debug|Any CPU
		{1AA14E96-DEF6-446C-8F49-C391D7E8126D}.Debug|Any CPU.Build.0 = Debug|Any CPU
		{1AA14E96-DEF6-446C-8F49-C391D7E8126D}.Release|Any CPU.ActiveCfg = Release|Any CPU
		{1AA14E96-DEF6-446C-8F49-C391D7E8126D}.Release|Any CPU.Build.0 = Release|Any CPU
		{1B01F595-EA15-4048-8533-1E16A4B2AB93}.Debug|Any CPU.ActiveCfg = Debug|Any CPU
		{1B01F595-EA15-4048-8533-1E16A4B2AB93}.Debug|Any CPU.Build.0 = Debug|Any CPU
		{1B01F595-EA15-4048-8533-1E16A4B2AB93}.Release|Any CPU.ActiveCfg = Release|Any CPU
		{1B01F595-EA15-4048-8533-1E16A4B2AB93}.Release|Any CPU.Build.0 = Release|Any CPU
	EndGlobalSection
	GlobalSection(SolutionProperties) = preSolution
		HideSolutionNode = FALSE
	EndGlobalSection
	GlobalSection(ExtensibilityGlobals) = postSolution
		SolutionGuid = {4FC2F873-C7E3-4BA1-946A-EA19565DB306}
	EndGlobalSection
EndGlobal
